
Microsoft Visual Studio Solution File, Format Version 12.00
# Visual Studio 15
VisualStudioVersion = 15.0.26730.16
MinimumVisualStudioVersion = 10.0.40219.1
Project("{FAE04EC0-301F-11D3-BF4B-00C04F79EFBC}") = "testing", "testing\testing.csproj", "{B35D601C-6BDB-4847-B6F2-6F42190A0AED}"
EndProject
Global
	GlobalSection(SolutionConfigurationPlatforms) = preSolution
		Debug|Any CPU = Debug|Any CPU
		Release|Any CPU = Release|Any CPU
	EndGlobalSection
	GlobalSection(ProjectConfigurationPlatforms) = postSolution
		{B35D601C-6BDB-4847-B6F2-6F42190A0AED}.Debug|Any CPU.ActiveCfg = Debug|Any CPU
		{B35D601C-6BDB-4847-B6F2-6F42190A0AED}.Debug|Any CPU.Build.0 = Debug|Any CPU
		{B35D601C-6BDB-4847-B6F2-6F42190A0AED}.Release|Any CPU.ActiveCfg = Release|Any CPU
		{B35D601C-6BDB-4847-B6F2-6F42190A0AED}.Release|Any CPU.Build.0 = Release|Any CPU
	EndGlobalSection
	GlobalSection(SolutionProperties) = preSolution
		HideSolutionNode = FALSE
	EndGlobalSection
	GlobalSection(ExtensibilityGlobals) = postSolution
		SolutionGuid = {351B1182-B397-43AB-BB78-50755EE20B0F}
	EndGlobalSection
EndGlobal
